<Solution>
  <Project Path="Punto1/Punto1.csproj" Id="54d7a750-2fe3-4746-9394-645688287a05" />
  <Project Path="Punto2/Punto2.csproj" Id="0bc47be7-8f8a-437d-b9d0-aa86a59bb890" />
  <Project Path="Punto3/Punto3.csproj" Id="8927b7e4-553f-459c-aa2a-84e893f23104" />
  <Project Path="Punto4/Punto4.csproj" Id="a2a52d23-356c-4583-9b87-1e7d9c4c87cc" />
</Solution>
