<Solution>
  <Project Path="Punto1/Punto1.csproj" Id="cb40ddf4-4ad4-4284-8e9f-b448d604a8bd" />
  <Project Path="Punto2/Punto2.csproj" Id="b50f2912-ac99-44ae-b8b0-63c341e57ca4" />
  <Project Path="Punto3/Punto3.csproj" Id="9c3faf9f-2352-4a69-9c28-ca04276be8af" />
  <Project Path="Punto4/Punto4.csproj" Id="670f11fb-d173-434f-ad17-105df943a392" />
</Solution>
