<Solution>
  <Project Path="Punto1/Punto1.csproj" Id="542624c6-6090-4801-afee-32c8789b5bd5" />
  <Project Path="Punto2/Punto2.csproj" Id="d6649174-860c-4e23-8bff-aec043f6bd96" />
  <Project Path="Punto3/Punto3.csproj" Id="5e0b03d8-ff2f-4c2c-8035-60598153131e" />
  <Project Path="Punto4/Punto4.csproj" Id="291366c2-9d31-4db6-9556-fd7a5e291953" />
</Solution>
